{
  "nodes": {
    "arion": {
      "inputs": {
        "nixpkgs": "nixpkgs_2"
      },
      "locked": {
        "lastModified": 1623571415,
        "narHash": "sha256-O9HoQ1zRtWHB1z6ZwtIr6pBZVTcGg2sbI94rNrR9SfE=",
        "owner": "hercules-ci",
        "repo": "arion",
        "rev": "65b2106d2a2fd219bd49918911b8f0f888961e62",
        "type": "github"
      },
      "original": {
        "owner": "hercules-ci",
        "repo": "arion",
        "type": "github"
      }
    },
    "bats-assert": {
      "flake": false,
      "locked": {
        "lastModified": 1636059754,
        "narHash": "sha256-ewME0l27ZqfmAwJO4h5biTALc9bDLv7Bl3ftBzBuZwk=",
        "owner": "bats-core",
        "repo": "bats-assert",
        "rev": "34551b1d7f8c7b677c1a66fc0ac140d6223409e5",
        "type": "github"
      },
      "original": {
        "owner": "bats-core",
        "repo": "bats-assert",
        "type": "github"
      }
    },
    "bats-support": {
      "flake": false,
      "locked": {
        "lastModified": 1548869839,
        "narHash": "sha256-Gr4ntadr42F2Ks8Pte2D4wNDbijhujuoJi4OPZnTAZU=",
        "owner": "bats-core",
        "repo": "bats-support",
        "rev": "d140a65044b2d6810381935ae7f0c94c7023c8c3",
        "type": "github"
      },
      "original": {
        "owner": "bats-core",
        "repo": "bats-support",
        "type": "github"
      }
    },
    "bitte": {
      "inputs": {
        "cli": "cli",
        "deploy": "deploy",
        "hydra": "hydra",
        "nix": "nix",
        "nixpkgs": [
          "bitte",
          "cli",
          "nixpkgs"
        ],
        "nomad-source": "nomad-source",
        "ops-lib": "ops-lib",
        "terranix": "terranix",
        "utils": "utils_2",
        "vulnix": "vulnix"
      },
      "locked": {
        "lastModified": 1638392605,
        "narHash": "sha256-Uinjb2fLk4sQKVuzfmQQsY6hJbay/lyflaHtEGbHfj0=",
        "owner": "input-output-hk",
        "repo": "bitte",
        "rev": "270fad7adf8cea246d47f8833889040a95a52eaa",
        "type": "github"
      },
      "original": {
        "owner": "input-output-hk",
        "ref": "fix-all-the-bootstrapping",
        "repo": "bitte",
        "type": "github"
      }
    },
    "bitte-ci": {
      "inputs": {
        "arion": "arion",
        "bitte": "bitte_2",
        "bitte-ci-frontend": "bitte-ci-frontend",
        "nixpkgs": "nixpkgs_8",
        "rust": "rust",
        "trigger-source": "trigger-source"
      },
      "locked": {
        "lastModified": 1625693343,
        "narHash": "sha256-4+y9mXHd4OnZwgiqEYvgTOodn5AbHTrmLY8w6EAo+SE=",
        "owner": "input-output-hk",
        "repo": "bitte-ci",
        "rev": "54fbd3d03b322fd7c819132ff40f3c13c138710f",
        "type": "github"
      },
      "original": {
        "owner": "input-output-hk",
        "repo": "bitte-ci",
        "type": "github"
      }
    },
    "bitte-ci-frontend": {
      "inputs": {
        "nixpkgs": "nixpkgs_7"
      },
      "locked": {
        "lastModified": 1625693092,
        "narHash": "sha256-tyex4/9EmCuMYAb5BbZJifzshnyWnMW2JtPHRYZdTlA=",
        "owner": "input-output-hk",
        "repo": "bitte-ci-frontend",
        "rev": "bceced7e3c19df82fb82bcf3d783c0b6a5229cdc",
        "type": "github"
      },
      "original": {
        "owner": "input-output-hk",
        "repo": "bitte-ci-frontend",
        "type": "github"
      }
    },
    "bitte-cli": {
      "inputs": {
        "naersk": "naersk",
        "nixpkgs": "nixpkgs_4",
        "utils": "utils_3"
      },
      "locked": {
        "lastModified": 1629988273,
        "narHash": "sha256-sdJVbCnSrqUwz7OscMx1nYNICJn3w2pBv6A1svoVSWs=",
        "owner": "input-output-hk",
        "repo": "bitte-cli",
        "rev": "fb3fa76f978031dcf834181ec45dee4abf959119",
        "type": "github"
      },
      "original": {
        "owner": "input-output-hk",
        "repo": "bitte-cli",
        "type": "github"
      }
    },
    "bitte_2": {
      "inputs": {
        "bitte-cli": "bitte-cli",
        "levant-source": "levant-source",
        "nix": "nix_2",
        "nixpkgs": "nixpkgs_6",
        "nixpkgs-terraform": "nixpkgs-terraform",
        "nixpkgs-unstable": "nixpkgs-unstable",
        "nomad-source": "nomad-source_2",
        "ops-lib": "ops-lib_2",
        "terranix": "terranix_2",
        "utils": "utils_4"
      },
      "locked": {
        "lastModified": 1623769121,
        "narHash": "sha256-juGZ6kelxPAexWC3nhysJ8qRmEQLXJOa9RLrLF89qHk=",
        "owner": "input-output-hk",
        "repo": "bitte",
        "rev": "5a8bbd980b0a99f97d7907b45862e3a0221ca4ef",
        "type": "github"
      },
      "original": {
        "owner": "input-output-hk",
        "repo": "bitte",
        "type": "github"
      }
    },
    "cli": {
      "inputs": {
        "devshell": "devshell",
        "fenix": "fenix",
        "iogo": "iogo",
        "nixpkgs": [
          "bitte",
          "cli",
          "fenix",
          "nixpkgs"
        ],
        "treefmt": "treefmt",
        "utils": [
          "bitte",
          "utils"
        ]
      },
      "locked": {
        "lastModified": 1637619368,
        "narHash": "sha256-PvIZkhdHJc6UGXZxrG8EPxE+7STJ7u76nJ4BQkynGNU=",
        "owner": "input-output-hk",
        "repo": "bitte-cli",
        "rev": "1691d146ed581965e9044d9ca32debfab610a6a4",
        "type": "github"
      },
      "original": {
        "owner": "input-output-hk",
        "repo": "bitte-cli",
        "type": "github"
      }
    },
    "deploy": {
      "inputs": {
        "fenix": [
          "bitte",
          "cli",
          "fenix"
        ],
        "flake-compat": "flake-compat",
        "nixpkgs": [
          "bitte",
          "cli",
          "nixpkgs"
        ],
        "utils": [
          "bitte",
          "utils"
        ]
      },
      "locked": {
        "lastModified": 1636251818,
        "narHash": "sha256-si4YnxAWaBPIop/UtshR5yUYV0jcESJGEamegVWxxFE=",
        "owner": "input-output-hk",
        "repo": "deploy-rs",
        "rev": "9553b8c76c1c5ec8c3c007b2877f2c49412efecd",
        "type": "github"
      },
      "original": {
        "owner": "input-output-hk",
        "repo": "deploy-rs",
        "type": "github"
      }
    },
    "devshell": {
      "locked": {
        "lastModified": 1637575296,
        "narHash": "sha256-ZY8YR5u8aglZPe27+AJMnPTG6645WuavB+w0xmhTarw=",
        "owner": "numtide",
        "repo": "devshell",
        "rev": "0e56ef21ba1a717169953122c7415fa6a8cd2618",
        "type": "github"
      },
      "original": {
        "owner": "numtide",
        "repo": "devshell",
        "type": "github"
      }
    },
    "fenix": {
      "inputs": {
        "nixpkgs": "nixpkgs",
        "rust-analyzer-src": "rust-analyzer-src"
      },
      "locked": {
        "lastModified": 1637562311,
        "narHash": "sha256-ldCDRzORj3iBcnP3LFzzhRyaV008r4yd+9pHOgJX3Xg=",
        "owner": "nix-community",
        "repo": "fenix",
        "rev": "610d4f5e393c277f1adee9dd5fb44031900b18b4",
        "type": "github"
      },
      "original": {
        "owner": "nix-community",
        "repo": "fenix",
        "type": "github"
      }
    },
    "flake-compat": {
      "flake": false,
      "locked": {
        "lastModified": 1627913399,
        "narHash": "sha256-hY8g6H2KFL8ownSiFeMOjwPC8P0ueXpCVEbxgda3pko=",
        "owner": "edolstra",
        "repo": "flake-compat",
        "rev": "12c64ca55c1014cdc1b16ed5a804aa8576601ff2",
        "type": "github"
      },
      "original": {
        "owner": "edolstra",
        "repo": "flake-compat",
        "type": "github"
      }
    },
    "flake-utils": {
      "locked": {
        "lastModified": 1610051610,
        "narHash": "sha256-U9rPz/usA1/Aohhk7Cmc2gBrEEKRzcW4nwPWMPwja4Y=",
        "owner": "numtide",
        "repo": "flake-utils",
        "rev": "3982c9903e93927c2164caa727cd3f6a0e6d14cc",
        "type": "github"
      },
      "original": {
        "owner": "numtide",
        "repo": "flake-utils",
        "type": "github"
      }
    },
    "hydra": {
      "inputs": {
        "nix": [
          "bitte",
          "nix"
        ],
        "nixpkgs": [
          "bitte",
          "nixpkgs"
        ]
      },
      "locked": {
        "lastModified": 1631062883,
        "narHash": "sha256-JZ6/gjHyX50fHCYpXy/FrX9C0e9k8X9In5Jb/SQYlT8=",
        "owner": "kreisys",
        "repo": "hydra",
        "rev": "785326948be4b1cc2ce77435c806521565e9af45",
        "type": "github"
      },
      "original": {
        "owner": "kreisys",
        "ref": "hydra-server-includes",
        "repo": "hydra",
        "type": "github"
      }
    },
    "inclusive": {
      "inputs": {
        "stdlib": "stdlib"
      },
      "locked": {
        "lastModified": 1628098927,
        "narHash": "sha256-Ft4sdf7VPL8MQtu18AAPiN2s5pUsbv+3RxqzJSa/yzg=",
        "owner": "input-output-hk",
        "repo": "nix-inclusive",
        "rev": "13123eb7a8c3359738a4756b8d645729e8655b27",
        "type": "github"
      },
      "original": {
        "owner": "input-output-hk",
        "repo": "nix-inclusive",
        "type": "github"
      }
    },
    "iogo": {
      "inputs": {
        "devshell": [
          "bitte",
          "cli",
          "devshell"
        ],
        "inclusive": "inclusive",
        "nixpkgs": [
          "bitte",
          "cli",
          "nixpkgs"
        ],
        "utils": "utils"
      },
      "locked": {
        "lastModified": 1637600654,
        "narHash": "sha256-Ievz484PIlmZIgroJGmiHLWh1nSZKJ53PsmEum6HPfk=",
        "owner": "input-output-hk",
        "repo": "bitte-iogo",
        "rev": "efc2d9b85cc4009dd46491c90459289e1e14115d",
        "type": "github"
      },
      "original": {
        "owner": "input-output-hk",
        "repo": "bitte-iogo",
        "type": "github"
      }
    },
    "levant-source": {
      "flake": false,
      "locked": {
        "lastModified": 1607520931,
        "narHash": "sha256-yKLT61uCcgkUWPtaOmruy2uXhJ/ON94QqhoYg2Gulww=",
        "owner": "hashicorp",
        "repo": "levant",
        "rev": "05c6c36fdf24237af32a191d2b14756dbb2a4f24",
        "type": "github"
      },
      "original": {
        "owner": "hashicorp",
        "repo": "levant",
        "rev": "05c6c36fdf24237af32a191d2b14756dbb2a4f24",
        "type": "github"
      }
    },
    "lowdown-src": {
      "flake": false,
      "locked": {
        "lastModified": 1617481909,
        "narHash": "sha256-SqnfOFuLuVRRNeVJr1yeEPJue/qWoCp5N6o5Kr///p4=",
        "owner": "kristapsdz",
        "repo": "lowdown",
        "rev": "148f9b2f586c41b7e36e73009db43ea68c7a1a4d",
        "type": "github"
      },
      "original": {
        "owner": "kristapsdz",
        "ref": "VERSION_0_8_4",
        "repo": "lowdown",
        "type": "github"
      }
    },
    "naersk": {
      "inputs": {
        "nixpkgs": "nixpkgs_3"
      },
      "locked": {
        "lastModified": 1623558292,
        "narHash": "sha256-YjyRflpvKzstN9Yy5pVOmreckcL1Fu6TGe8Tf8y9fm4=",
        "owner": "nrdxp",
        "repo": "naersk",
        "rev": "f411315a2954bd60bdcba2bc0cff7f4b0012a12a",
        "type": "github"
      },
      "original": {
        "owner": "nrdxp",
        "ref": "git-deps-fix",
        "repo": "naersk",
        "type": "github"
      }
    },
    "nix": {
      "inputs": {
        "lowdown-src": "lowdown-src",
        "nixpkgs": [
          "bitte",
          "nixpkgs"
        ]
      },
      "locked": {
        "lastModified": 1631565298,
        "narHash": "sha256-hNE3IepYzvpOSMG389M86xMGAzr8w2PMbtIzKUAy0vY=",
        "owner": "NixOS",
        "repo": "nix",
        "rev": "c6fa7775de413a799b9a137dceced5dcf0f5e6ed",
        "type": "github"
      },
      "original": {
        "owner": "NixOS",
        "repo": "nix",
        "rev": "c6fa7775de413a799b9a137dceced5dcf0f5e6ed",
        "type": "github"
      }
    },
    "nix_2": {
      "inputs": {
        "nixpkgs": "nixpkgs_5"
      },
      "locked": {
        "lastModified": 1611933170,
        "narHash": "sha256-fV9oyhuxoIY4WY2PoCEBk3NEK7kVkAj32DJGP7c2FAc=",
        "owner": "NixOS",
        "repo": "nix",
        "rev": "b19aec7eeb8353be6c59b2967a511a5072612d99",
        "type": "github"
      },
      "original": {
        "owner": "NixOS",
        "repo": "nix",
        "rev": "b19aec7eeb8353be6c59b2967a511a5072612d99",
        "type": "github"
      }
    },
    "nixpkgs": {
      "locked": {
        "lastModified": 1637155076,
        "narHash": "sha256-26ZPNiuzlsnXpt55Q44+yzXvp385aNAfevzVEKbrU5Q=",
        "owner": "nixos",
        "repo": "nixpkgs",
        "rev": "715f63411952c86c8f57ab9e3e3cb866a015b5f2",
        "type": "github"
      },
      "original": {
        "owner": "nixos",
        "ref": "nixos-unstable",
        "repo": "nixpkgs",
        "type": "github"
      }
    },
    "nixpkgs-terraform": {
      "locked": {
        "lastModified": 1623440955,
        "narHash": "sha256-4hM9akwZ2RojC1CT5geV4IZhek/fUPpFitb5ItdoK5s=",
        "owner": "input-output-hk",
        "repo": "nixpkgs",
        "rev": "f94bea476f46784adf587e1cb3a5af9587fe9652",
        "type": "github"
      },
      "original": {
        "owner": "input-output-hk",
        "ref": "iohk-terraform-2021-06",
        "repo": "nixpkgs",
        "type": "github"
      }
    },
    "nixpkgs-unstable": {
      "locked": {
        "lastModified": 1616259034,
        "narHash": "sha256-WlMIiGIXJm7J+jemzd+ksoun6znWmabCZNz76szV158=",
        "owner": "nixos",
        "repo": "nixpkgs",
        "rev": "4e0d3868c679da20108db402785f924daa1a7fb5",
        "type": "github"
      },
      "original": {
        "owner": "nixos",
        "ref": "nixpkgs-unstable",
        "repo": "nixpkgs",
        "type": "github"
      }
    },
    "nixpkgs-unstable_2": {
      "locked": {
        "lastModified": 1620950790,
        "narHash": "sha256-iv+vesKK/8kqb5yK1vbYkMd1RQnDIO4wcbbmnoVlMRI=",
        "owner": "NixOS",
        "repo": "nixpkgs",
        "rev": "1cdf5f44364fe06ce3d0cded1d784e132e6f3354",
        "type": "github"
      },
      "original": {
        "id": "nixpkgs",
        "ref": "nixpkgs-unstable",
        "type": "indirect"
      }
    },
    "nixpkgs_2": {
      "locked": {
        "lastModified": 1601906239,
        "narHash": "sha256-P1jBYbYeFswig/0FKbgh+BpVhh9iurD3m0T2ae4gdx8=",
        "owner": "NixOS",
        "repo": "nixpkgs",
        "rev": "c2bb4af48d26ed091e5674394bacbf8d488c7939",
        "type": "github"
      },
      "original": {
        "id": "nixpkgs",
        "type": "indirect"
      }
    },
    "nixpkgs_3": {
      "locked": {
        "lastModified": 1629981528,
        "narHash": "sha256-3CWu9S1uy39Xs+Y5jYT5Z/Fjvcq2xPivt7p2DEZbUwU=",
        "owner": "NixOS",
        "repo": "nixpkgs",
        "rev": "dda968a5eadd899b1fc93774791d6cbbb0f05c6f",
        "type": "github"
      },
      "original": {
        "id": "nixpkgs",
        "type": "indirect"
      }
    },
    "nixpkgs_4": {
      "locked": {
        "lastModified": 1629827819,
        "narHash": "sha256-cysfDbdjTluO+UtuT6iRrf/2Lt7Qo/qRlpz9F5rz3Sc=",
        "owner": "NixOS",
        "repo": "nixpkgs",
        "rev": "503209808cd613daed238e21e7a18ffcbeacebe3",
        "type": "github"
      },
      "original": {
        "owner": "NixOS",
        "ref": "nixpkgs-unstable",
        "repo": "nixpkgs",
        "type": "github"
      }
    },
    "nixpkgs_5": {
      "locked": {
        "lastModified": 1602702596,
        "narHash": "sha256-fqJ4UgOb4ZUnCDIapDb4gCrtAah5Rnr2/At3IzMitig=",
        "owner": "NixOS",
        "repo": "nixpkgs",
        "rev": "ad0d20345219790533ebe06571f82ed6b034db31",
        "type": "github"
      },
      "original": {
        "id": "nixpkgs",
        "ref": "nixos-20.09-small",
        "type": "indirect"
      }
    },
    "nixpkgs_6": {
      "locked": {
        "lastModified": 1595425804,
        "narHash": "sha256-RM8fHq1PoN8HHVRPKIjYLrXq54Z18iVodQrwxmH/J3g=",
        "owner": "NixOS",
        "repo": "nixpkgs",
        "rev": "b8c367a7bd05e3a514c2b057c09223c74804a21b",
        "type": "github"
      },
      "original": {
        "owner": "NixOS",
        "repo": "nixpkgs",
        "rev": "b8c367a7bd05e3a514c2b057c09223c74804a21b",
        "type": "github"
      }
    },
    "nixpkgs_7": {
      "locked": {
        "lastModified": 1623961232,
        "narHash": "sha256-5X5v37GTBFdQnc3rvbSPJyAtO+/z1wHZF3Kz61g2Mx4=",
        "owner": "NixOS",
        "repo": "nixpkgs",
        "rev": "bad3ccd099ebe9a8aa017bda8500ab02787d90aa",
        "type": "github"
      },
      "original": {
        "owner": "NixOS",
        "ref": "nixos-21.05",
        "repo": "nixpkgs",
        "type": "github"
      }
    },
    "nixpkgs_8": {
      "locked": {
        "lastModified": 1623961232,
        "narHash": "sha256-5X5v37GTBFdQnc3rvbSPJyAtO+/z1wHZF3Kz61g2Mx4=",
        "owner": "NixOS",
        "repo": "nixpkgs",
        "rev": "bad3ccd099ebe9a8aa017bda8500ab02787d90aa",
        "type": "github"
      },
      "original": {
        "owner": "NixOS",
        "ref": "nixos-21.05",
        "repo": "nixpkgs",
        "type": "github"
      }
    },
    "nomad-source": {
      "flake": false,
      "locked": {
        "lastModified": 1635508179,
        "narHash": "sha256-GaiZxxdJPz5yJJ0zB7jg6wgX5uS8DvpNYZDKXhmTtL0=",
        "owner": "input-output-hk",
        "repo": "nomad",
        "rev": "ed74269c8edc8b8de79be0a2dfc199bdae4e715d",
        "type": "github"
      },
      "original": {
        "owner": "input-output-hk",
        "ref": "release-1.1.6",
        "repo": "nomad",
        "type": "github"
      }
    },
    "nomad-source_2": {
      "flake": false,
      "locked": {
        "lastModified": 1623434122,
        "narHash": "sha256-3cPp8STtTKMHtA2+rWqAjHVevAnUorRtZFWRnmaLLJc=",
        "owner": "input-output-hk",
        "repo": "nomad",
        "rev": "1e35d887c0de086d344d7f9514eb0f63c3c68199",
        "type": "github"
      },
      "original": {
        "owner": "input-output-hk",
        "ref": "release-1.1.1",
        "repo": "nomad",
        "type": "github"
      }
    },
    "ops-lib": {
      "flake": false,
      "locked": {
        "lastModified": 1635777361,
        "narHash": "sha256-67m8JDEhcusguu6NYqZzqro9lZLZZySQhLeeMuhQN3U=",
        "owner": "input-output-hk",
        "repo": "ops-lib",
        "rev": "3d4a1db3442255cb9f8ae05dbcd2b921827b483e",
        "type": "github"
      },
      "original": {
        "owner": "input-output-hk",
        "repo": "ops-lib",
        "type": "github"
      }
    },
    "ops-lib_2": {
      "flake": false,
      "locked": {
        "lastModified": 1622246496,
        "narHash": "sha256-2E/+IFBDSyHhe7mJ8lXf/lPdL5iLYeDiQ/mT60ro5o4=",
        "owner": "input-output-hk",
        "repo": "ops-lib",
        "rev": "31d5bf9f5a21110fd4df2056177c3f52d8a62bb4",
        "type": "github"
      },
      "original": {
        "owner": "input-output-hk",
        "repo": "ops-lib",
        "type": "github"
      }
    },
    "ops-lib_3": {
      "locked": {
        "dir": "zfs",
        "lastModified": 1608256030,
        "narHash": "sha256-LgYuK7OsgTtMxuQF4xeFGQbjnAXhkNPXvA8Zr79FvWs=",
        "owner": "input-output-hk",
        "repo": "ops-lib",
        "rev": "07a9d53b7552a97cb088342930ecebaddfcb1330",
        "type": "github"
      },
      "original": {
        "dir": "zfs",
        "owner": "input-output-hk",
        "ref": "zfs-image",
        "repo": "ops-lib",
        "type": "github"
      }
    },
    "root": {
      "inputs": {
        "bitte": "bitte",
        "bitte-ci": "bitte-ci",
        "bitte-ci-frontend": [
          "bitte-ci",
          "bitte-ci-frontend"
        ],
        "nixpkgs": [
          "bitte",
          "nixpkgs"
        ],
        "nixpkgs-unstable": "nixpkgs-unstable_2",
        "ops-lib": "ops-lib_3",
        "utils": "utils_5"
      }
    },
    "rust": {
      "inputs": {
        "nixpkgs": [
          "nixpkgs"
        ]
      },
      "locked": {
        "lastModified": 1619723367,
        "narHash": "sha256-VkjwqVj41JGj1SRSOMkYXEUhq5/Ybfvgaex5V5RCyrI=",
        "owner": "input-output-hk",
        "repo": "rust.nix",
        "rev": "69a1b038ae9e247a5d8066762552eb11ed26ed4a",
        "type": "github"
      },
      "original": {
        "owner": "input-output-hk",
        "repo": "rust.nix",
        "type": "github"
      }
    },
    "rust-analyzer-src": {
      "flake": false,
      "locked": {
        "lastModified": 1637524867,
        "narHash": "sha256-uBSrbEPucwk4Lnf3dwNNbjFp6hp1UtQWajBTmMcumuE=",
        "owner": "rust-analyzer",
        "repo": "rust-analyzer",
        "rev": "183ef048f61ae36aa389d1d0345cde940fe788e9",
        "type": "github"
      },
      "original": {
        "owner": "rust-analyzer",
        "ref": "nightly",
        "repo": "rust-analyzer",
        "type": "github"
      }
    },
    "stdlib": {
      "locked": {
        "lastModified": 1590026685,
        "narHash": "sha256-E5INrVvYX/P/UpcoUFDAsuHem+lsqT+/teBs9O7oc9Q=",
        "owner": "manveru",
        "repo": "nix-lib",
        "rev": "99088cf7febcdb21afd375a335dcafa959bef3ed",
        "type": "github"
      },
      "original": {
        "owner": "manveru",
        "repo": "nix-lib",
        "type": "github"
      }
    },
    "terranix": {
      "inputs": {
        "bats-assert": "bats-assert",
        "bats-support": "bats-support",
        "flake-utils": [
          "bitte",
          "utils"
        ],
        "nixpkgs": [
          "bitte",
          "nixpkgs"
        ],
        "terranix-examples": "terranix-examples"
      },
      "locked": {
        "lastModified": 1637158331,
        "narHash": "sha256-x5LEKtSkVq+D3BXHDBOb2wdCLxAhVmXIWONRi9lxDPg=",
        "owner": "terranix",
        "repo": "terranix",
        "rev": "34198bb154af86d2a559446f10d7339e53126abe",
        "type": "github"
      },
      "original": {
        "owner": "terranix",
        "repo": "terranix",
        "type": "github"
      }
    },
    "terranix-examples": {
      "locked": {
        "lastModified": 1636300201,
        "narHash": "sha256-0n1je1WpiR6XfCsvi8ZK7GrpEnMl+DpwhWaO1949Vbc=",
        "owner": "terranix",
        "repo": "terranix-examples",
        "rev": "a934aa1cf88f6bd6c6ddb4c77b77ec6e1660bd5e",
        "type": "github"
      },
      "original": {
        "owner": "terranix",
        "repo": "terranix-examples",
        "type": "github"
      }
    },
    "terranix_2": {
      "flake": false,
      "locked": {
        "lastModified": 1592222043,
        "narHash": "sha256-+erur8deRvboe0vWn35ukKS0BQfX1wIVLXIrTsMRGjw=",
        "owner": "manveru",
        "repo": "terranix",
        "rev": "40bea9e1b24086c6c39ffa5d09bde56ef064fe6a",
        "type": "github"
      },
      "original": {
        "owner": "manveru",
        "ref": "cleanup",
        "repo": "terranix",
        "type": "github"
      }
    },
    "treefmt": {
      "inputs": {
        "flake-utils": "flake-utils",
        "nixpkgs": [
          "bitte",
          "cli",
          "nixpkgs"
        ]
      },
      "locked": {
        "lastModified": 1636996862,
        "narHash": "sha256-oCx0uCm+WoHyPCBestbDU/M22aoXon+ixZBOUqmrqDs=",
        "owner": "numtide",
        "repo": "treefmt",
        "rev": "1e38ba69ddf35bd30278932c3713e81d55cdd985",
        "type": "github"
      },
      "original": {
        "owner": "numtide",
        "repo": "treefmt",
        "type": "github"
      }
    },
    "trigger-source": {
      "flake": false,
      "locked": {
        "lastModified": 1595007670,
        "narHash": "sha256-Ut/lRIIUT5mq4ZQhbzKOsfdWmao9wbFVXiOym2M3e8o=",
        "owner": "RedL0tus",
        "repo": "trigger",
        "rev": "445214c9b49a1721c6e2a28bab125fa907dca484",
        "type": "github"
      },
      "original": {
        "owner": "RedL0tus",
        "repo": "trigger",
        "type": "github"
      }
    },
    "utils": {
      "locked": {
        "lastModified": 1633020561,
        "narHash": "sha256-4uAiRqL9nP3d/NQ8VBqjQ5iZypHaM+X/FyWpXVXkwTA=",
        "owner": "kreisys",
        "repo": "flake-utils",
        "rev": "2923532a276a5595ee64376ec1b3db6ed8503c52",
        "type": "github"
      },
      "original": {
        "owner": "kreisys",
        "repo": "flake-utils",
        "type": "github"
      }
    },
    "utils_2": {
      "locked": {
        "lastModified": 1637014545,
        "narHash": "sha256-26IZAc5yzlD9FlDT54io1oqG/bBoyka+FJk5guaX4x4=",
        "owner": "numtide",
        "repo": "flake-utils",
        "rev": "bba5dcc8e0b20ab664967ad83d24d64cb64ec4f4",
        "type": "github"
      },
      "original": {
        "owner": "numtide",
        "repo": "flake-utils",
        "type": "github"
      }
    },
    "utils_3": {
      "locked": {
        "lastModified": 1613500319,
        "narHash": "sha256-ybAq6pImFCSnwyhhmnnvV567JM4GuhCEG/PHBkSS86U=",
        "owner": "kreisys",
        "repo": "flake-utils",
        "rev": "28e72370213c9bc2cf094ab07b8ac95f3c6bb60f",
        "type": "github"
      },
      "original": {
        "owner": "kreisys",
        "repo": "flake-utils",
        "type": "github"
      }
    },
    "utils_4": {
      "locked": {
        "lastModified": 1601282935,
        "narHash": "sha256-WQAFV6sGGQxrRs3a+/Yj9xUYvhTpukQJIcMbIi7LCJ4=",
        "owner": "numtide",
        "repo": "flake-utils",
        "rev": "588973065fce51f4763287f0fda87a174d78bf48",
        "type": "github"
      },
      "original": {
        "owner": "numtide",
        "repo": "flake-utils",
        "type": "github"
      }
    },
    "utils_5": {
      "locked": {
        "lastModified": 1624650440,
        "narHash": "sha256-BIwYENLvbSTNYdyeVJihwi7G6bXVGrPNoOgvJ1Z1SlY=",
        "owner": "kreisys",
        "repo": "flake-utils",
        "rev": "026014b92b548ef130a7aebc84a3894f791370fc",
        "type": "github"
      },
      "original": {
        "owner": "kreisys",
        "repo": "flake-utils",
        "type": "github"
      }
    },
    "vulnix": {
      "flake": false,
      "locked": {
        "lastModified": 1632431644,
        "narHash": "sha256-iePIr+z/YxrST5pLKnhF666cAMme90dAOS5vgAiwmxg=",
        "owner": "dermetfan",
        "repo": "vulnix",
        "rev": "cea4e8973a39377aa42541b9dbf3a13ab46d51db",
        "type": "github"
      },
      "original": {
        "owner": "dermetfan",
        "ref": "runtime-deps",
        "repo": "vulnix",
        "type": "github"
      }
    }
  },
  "root": "root",
  "version": 7
}
